PODS:
  - AFNetworking (4.0.1):
    - AFNetworking/NSURLSession (= 4.0.1)
    - AFNetworking/Reachability (= 4.0.1)
    - AFNetworking/Security (= 4.0.1)
    - AFNetworking/Serialization (= 4.0.1)
    - AFNetworking/UIKit (= 4.0.1)
  - AFNetworking/NSURLSession (4.0.1):
    - AFNetworking/Reachability
    - AFNetworking/Security
    - AFNetworking/Serialization
  - AFNetworking/Reachability (4.0.1)
  - AFNetworking/Security (4.0.1)
  - AFNetworking/Serialization (4.0.1)
  - AFNetworking/UIKit (4.0.1):
    - AFNetworking/NSURLSession
  - cocoapodsshared (0.0.2)

DEPENDENCIES:
  - AFNetworking (~> 4.0)
  - cocoapodsshared

SPEC REPOS:
  https://github.com/satoshun-android-example/KMMCocoapodsSpecs.git:
    - cocoapodsshared
  trunk:
    - AFNetworking

SPEC CHECKSUMS:
  AFNetworking: 7864c38297c79aaca1500c33288e429c3451fdce
  cocoapodsshared: 9ddb6d84d48299a9b86146770781f69bca22f1de

PODFILE CHECKSUM: b2682733bf3808a24afe9f44b93b9ad9fceb0c1e

COCOAPODS: 1.10.1
