PODS:
  - cocoapodsshared (0.0.3)

DEPENDENCIES:
  - cocoapodsshared

SPEC REPOS:
  https://github.com/satoshun-android-example/KMMCocoapodsSpecs.git:
    - cocoapodsshared

SPEC CHECKSUMS:
  cocoapodsshared: c4c8d7ff02d0c6a338e84f1f416e8caad17bbe1d

PODFILE CHECKSUM: 95d545f26eb890e1bc422c921aa030bb5f49e6d7

COCOAPODS: 1.10.1
